// !$*UTF8*$!
{
	archiveVersion = 1;
	classes = {
	};
	objectVersion = 46;
	objects = {

/* Begin PBXBuildFile section */
		257451798401BE76BC7093F7 /* Pods_fbsearchTests.framework in Frameworks */ = {isa = PBXBuildFile; fileRef = 74C5A2BDA2C2B423AC05DFED /* Pods_fbsearchTests.framework */; };
		4B0A71461EA9745300015DDB /* PostTableViewCell.swift in Sources */ = {isa = PBXBuildFile; fileRef = 4B0A71451EA9745300015DDB /* PostTableViewCell.swift */; };
		4B0A71481EA9745E00015DDB /* AlbumTableViewCell.swift in Sources */ = {isa = PBXBuildFile; fileRef = 4B0A71471EA9745E00015DDB /* AlbumTableViewCell.swift */; };
		4B428ABA1EAAE6B900DECC81 /* SWRevealViewController.m in Sources */ = {isa = PBXBuildFile; fileRef = 4B428AB91EAAE6B900DECC81 /* SWRevealViewController.m */; };
		4B44E38D1EAEED89005F96C2 /* ResultTabBarController.swift in Sources */ = {isa = PBXBuildFile; fileRef = 4B44E38C1EAEED89005F96C2 /* ResultTabBarController.swift */; };
		4B44E3931EAEFBE6005F96C2 /* 120.png in Resources */ = {isa = PBXBuildFile; fileRef = 4B44E38E1EAEFBE6005F96C2 /* 120.png */; };
		4B44E3941EAEFBE6005F96C2 /* 80.png in Resources */ = {isa = PBXBuildFile; fileRef = 4B44E38F1EAEFBE6005F96C2 /* 80.png */; };
		4B44E3951EAEFBE6005F96C2 /* 87.png in Resources */ = {isa = PBXBuildFile; fileRef = 4B44E3901EAEFBE6005F96C2 /* 87.png */; };
		4B44E3961EAEFBE6005F96C2 /* 40.png in Resources */ = {isa = PBXBuildFile; fileRef = 4B44E3911EAEFBE6005F96C2 /* 40.png */; };
		4B44E3971EAEFBE6005F96C2 /* 60.png in Resources */ = {isa = PBXBuildFile; fileRef = 4B44E3921EAEFBE6005F96C2 /* 60.png */; };
		4B44E3991EAEFBEC005F96C2 /* 58.png in Resources */ = {isa = PBXBuildFile; fileRef = 4B44E3981EAEFBEC005F96C2 /* 58.png */; };
		4B7292991EB2AE86008B07CF /* IMG_1658 3.JPG in Resources */ = {isa = PBXBuildFile; fileRef = 4B7292981EB2AE86008B07CF /* IMG_1658 3.JPG */; };
		4B7F793F1EAD5F680091729D /* SideTableViewController.swift in Sources */ = {isa = PBXBuildFile; fileRef = 4B7F793E1EAD5F680091729D /* SideTableViewController.swift */; };
		4B80C6F31EA56CDB00D732B6 /* AppDelegate.swift in Sources */ = {isa = PBXBuildFile; fileRef = 4B80C6F21EA56CDB00D732B6 /* AppDelegate.swift */; };
		4B80C6FA1EA56CDB00D732B6 /* Main.storyboard in Resources */ = {isa = PBXBuildFile; fileRef = 4B80C6F81EA56CDB00D732B6 /* Main.storyboard */; };
		4B80C6FC1EA56CDB00D732B6 /* Assets.xcassets in Resources */ = {isa = PBXBuildFile; fileRef = 4B80C6FB1EA56CDB00D732B6 /* Assets.xcassets */; };
		4B80C6FF1EA56CDB00D732B6 /* LaunchScreen.storyboard in Resources */ = {isa = PBXBuildFile; fileRef = 4B80C6FD1EA56CDB00D732B6 /* LaunchScreen.storyboard */; };
		4B80C70A1EA56CDC00D732B6 /* fbsearchTests.swift in Sources */ = {isa = PBXBuildFile; fileRef = 4B80C7091EA56CDC00D732B6 /* fbsearchTests.swift */; };
		4B80C7151EA56CDC00D732B6 /* fbsearchUITests.swift in Sources */ = {isa = PBXBuildFile; fileRef = 4B80C7141EA56CDC00D732B6 /* fbsearchUITests.swift */; };
		4B80C7391EA5D26300D732B6 /* album.png in Resources */ = {isa = PBXBuildFile; fileRef = 4B80C72B1EA5D26300D732B6 /* album.png */; };
		4B80C73A1EA5D26300D732B6 /* empty.png in Resources */ = {isa = PBXBuildFile; fileRef = 4B80C72C1EA5D26300D732B6 /* empty.png */; };
		4B80C73B1EA5D26300D732B6 /* event.png in Resources */ = {isa = PBXBuildFile; fileRef = 4B80C72D1EA5D26300D732B6 /* event.png */; };
		4B80C73C1EA5D26300D732B6 /* favorite.png in Resources */ = {isa = PBXBuildFile; fileRef = 4B80C72E1EA5D26300D732B6 /* favorite.png */; };
		4B80C73D1EA5D26300D732B6 /* fb.png in Resources */ = {isa = PBXBuildFile; fileRef = 4B80C72F1EA5D26300D732B6 /* fb.png */; };
		4B80C73E1EA5D26300D732B6 /* filled.png in Resources */ = {isa = PBXBuildFile; fileRef = 4B80C7301EA5D26300D732B6 /* filled.png */; };
		4B80C73F1EA5D26300D732B6 /* groups.png in Resources */ = {isa = PBXBuildFile; fileRef = 4B80C7311EA5D26300D732B6 /* groups.png */; };
		4B80C7401EA5D26300D732B6 /* home.png in Resources */ = {isa = PBXBuildFile; fileRef = 4B80C7321EA5D26300D732B6 /* home.png */; };
		4B80C7411EA5D26300D732B6 /* menu.png in Resources */ = {isa = PBXBuildFile; fileRef = 4B80C7331EA5D26300D732B6 /* menu.png */; };
		4B80C7421EA5D26300D732B6 /* options.png in Resources */ = {isa = PBXBuildFile; fileRef = 4B80C7341EA5D26300D732B6 /* options.png */; };
		4B80C7431EA5D26300D732B6 /* page.png in Resources */ = {isa = PBXBuildFile; fileRef = 4B80C7351EA5D26300D732B6 /* page.png */; };
		4B80C7441EA5D26300D732B6 /* place.png in Resources */ = {isa = PBXBuildFile; fileRef = 4B80C7361EA5D26300D732B6 /* place.png */; };
		4B80C7451EA5D26300D732B6 /* posts.png in Resources */ = {isa = PBXBuildFile; fileRef = 4B80C7371EA5D26300D732B6 /* posts.png */; };
		4B80C7461EA5D26300D732B6 /* users.png in Resources */ = {isa = PBXBuildFile; fileRef = 4B80C7381EA5D26300D732B6 /* users.png */; };
		4B80C74A1EA5E72400D732B6 /* images.png in Resources */ = {isa = PBXBuildFile; fileRef = 4B80C7491EA5E72400D732B6 /* images.png */; };
		4B80C74C1EA5E94F00D732B6 /* ResultViewController.swift in Sources */ = {isa = PBXBuildFile; fileRef = 4B80C74B1EA5E94F00D732B6 /* ResultViewController.swift */; };
		4B80C74E1EA6D2C400D732B6 /* SearchViewController.swift in Sources */ = {isa = PBXBuildFile; fileRef = 4B80C74D1EA6D2C400D732B6 /* SearchViewController.swift */; };
		4B85730A1EA73FE70005B53C /* back5.png in Resources */ = {isa = PBXBuildFile; fileRef = 4B8573081EA73FE70005B53C /* back5.png */; };
		4B85730B1EA73FE70005B53C /* forw5.png in Resources */ = {isa = PBXBuildFile; fileRef = 4B8573091EA73FE70005B53C /* forw5.png */; };
		4B85730D1EA7428D0005B53C /* 200px-Ios-information-outline.png in Resources */ = {isa = PBXBuildFile; fileRef = 4B85730C1EA7428D0005B53C /* 200px-Ios-information-outline.png */; };
		4B85730F1EA7431B0005B53C /* right.png in Resources */ = {isa = PBXBuildFile; fileRef = 4B85730E1EA7431B0005B53C /* right.png */; };
		4B8573111EA747CF0005B53C /* ResultTableViewCell.swift in Sources */ = {isa = PBXBuildFile; fileRef = 4B8573101EA747CF0005B53C /* ResultTableViewCell.swift */; };
		4B8573131EA74F8D0005B53C /* ResultUnit.swift in Sources */ = {isa = PBXBuildFile; fileRef = 4B8573121EA74F8D0005B53C /* ResultUnit.swift */; };
		4B8573151EA756EA0005B53C /* ResultTableViewController.swift in Sources */ = {isa = PBXBuildFile; fileRef = 4B8573141EA756EA0005B53C /* ResultTableViewController.swift */; };
		4B8573191EA7F13A0005B53C /* Passengers.swift in Sources */ = {isa = PBXBuildFile; fileRef = 4B8573181EA7F13A0005B53C /* Passengers.swift */; };
		4B85731B1EA805F20005B53C /* UserViewController.swift in Sources */ = {isa = PBXBuildFile; fileRef = 4B85731A1EA805F20005B53C /* UserViewController.swift */; };
		4B85731D1EA80C3C0005B53C /* PageViewController.swift in Sources */ = {isa = PBXBuildFile; fileRef = 4B85731C1EA80C3C0005B53C /* PageViewController.swift */; };
		4B85731F1EA80C500005B53C /* EventViewController.swift in Sources */ = {isa = PBXBuildFile; fileRef = 4B85731E1EA80C500005B53C /* EventViewController.swift */; };
		4B8573211EA80C6A0005B53C /* PlaceViewController.swift in Sources */ = {isa = PBXBuildFile; fileRef = 4B8573201EA80C690005B53C /* PlaceViewController.swift */; };
		4B8573231EA80C750005B53C /* GroupViewController.swift in Sources */ = {isa = PBXBuildFile; fileRef = 4B8573221EA80C750005B53C /* GroupViewController.swift */; };
		4B85732D1EA94F510005B53C /* DetailViewController.swift in Sources */ = {isa = PBXBuildFile; fileRef = 4B85732C1EA94F510005B53C /* DetailViewController.swift */; };
		4B85732F1EA94FA00005B53C /* AlbumUnit.swift in Sources */ = {isa = PBXBuildFile; fileRef = 4B85732E1EA94FA00005B53C /* AlbumUnit.swift */; };
		4B8573311EA9628A0005B53C /* PostUnit.swift in Sources */ = {isa = PBXBuildFile; fileRef = 4B8573301EA9628A0005B53C /* PostUnit.swift */; };
		4BABB77B1EAF353700FE316C /* s180.png in Resources */ = {isa = PBXBuildFile; fileRef = 4BABB77A1EAF353700FE316C /* s180.png */; };
		4BABB7821EAF35BB00FE316C /* s120.png in Resources */ = {isa = PBXBuildFile; fileRef = 4BABB77C1EAF35BB00FE316C /* s120.png */; };
		4BABB7831EAF35BB00FE316C /* s80.png in Resources */ = {isa = PBXBuildFile; fileRef = 4BABB77D1EAF35BB00FE316C /* s80.png */; };
		4BABB7841EAF35BB00FE316C /* s87.png in Resources */ = {isa = PBXBuildFile; fileRef = 4BABB77E1EAF35BB00FE316C /* s87.png */; };
		4BABB7851EAF35BB00FE316C /* s58.png in Resources */ = {isa = PBXBuildFile; fileRef = 4BABB77F1EAF35BB00FE316C /* s58.png */; };
		4BABB7861EAF35BB00FE316C /* s60.png in Resources */ = {isa = PBXBuildFile; fileRef = 4BABB7801EAF35BB00FE316C /* s60.png */; };
		4BABB7871EAF35BB00FE316C /* s40.png in Resources */ = {isa = PBXBuildFile; fileRef = 4BABB7811EAF35BB00FE316C /* s40.png */; };
		4BAD09381EAEC67F0086EAB8 /* IMG_6621.JPG in Resources */ = {isa = PBXBuildFile; fileRef = 4BAD09371EAEC67F0086EAB8 /* IMG_6621.JPG */; };
		4BAD093A1EAEC7120086EAB8 /* AboutmeViewController.swift in Sources */ = {isa = PBXBuildFile; fileRef = 4BAD09391EAEC7120086EAB8 /* AboutmeViewController.swift */; };
		4BAD093C1EAEC9CD0086EAB8 /* search-7-xxl.png in Resources */ = {isa = PBXBuildFile; fileRef = 4BAD093B1EAEC9CD0086EAB8 /* search-7-xxl.png */; };
		4BAD093E1EAECAB80086EAB8 /* search-512.png in Resources */ = {isa = PBXBuildFile; fileRef = 4BAD093D1EAECAB80086EAB8 /* search-512.png */; };
		4BAD09401EAECC6B0086EAB8 /* appicon.png in Resources */ = {isa = PBXBuildFile; fileRef = 4BAD093F1EAECC6B0086EAB8 /* appicon.png */; };
		8C8650C71748A55775690D3A /* Pods_fbsearch.framework in Frameworks */ = {isa = PBXBuildFile; fileRef = D4BBD0E4DF9F125F95B630A9 /* Pods_fbsearch.framework */; };
		B7DC55876D3558A644C29438 /* Pods_fbsearchUITests.framework in Frameworks */ = {isa = PBXBuildFile; fileRef = 179FB1CE8699E865BDE0B8F9 /* Pods_fbsearchUITests.framework */; };
/* End PBXBuildFile section */

/* Begin PBXContainerItemProxy section */
		4B80C7061EA56CDC00D732B6 /* PBXContainerItemProxy */ = {
			isa = PBXContainerItemProxy;
			containerPortal = 4B80C6E71EA56CDB00D732B6 /* Project object */;
			proxyType = 1;
			remoteGlobalIDString = 4B80C6EE1EA56CDB00D732B6;
			remoteInfo = fbsearch;
		};
		4B80C7111EA56CDC00D732B6 /* PBXContainerItemProxy */ = {
			isa = PBXContainerItemProxy;
			containerPortal = 4B80C6E71EA56CDB00D732B6 /* Project object */;
			proxyType = 1;
			remoteGlobalIDString = 4B80C6EE1EA56CDB00D732B6;
			remoteInfo = fbsearch;
		};
/* End PBXContainerItemProxy section */

/* Begin PBXFileReference section */
		01A061E62E3B371E1A0B250C /* Pods-fbsearchUITests.debug.xcconfig */ = {isa = PBXFileReference; includeInIndex = 1; lastKnownFileType = text.xcconfig; name = "Pods-fbsearchUITests.debug.xcconfig"; path = "Pods/Target Support Files/Pods-fbsearchUITests/Pods-fbsearchUITests.debug.xcconfig"; sourceTree = "<group>"; };
		179FB1CE8699E865BDE0B8F9 /* Pods_fbsearchUITests.framework */ = {isa = PBXFileReference; explicitFileType = wrapper.framework; includeInIndex = 0; path = Pods_fbsearchUITests.framework; sourceTree = BUILT_PRODUCTS_DIR; };
		4B0A71451EA9745300015DDB /* PostTableViewCell.swift */ = {isa = PBXFileReference; fileEncoding = 4; lastKnownFileType = sourcecode.swift; path = PostTableViewCell.swift; sourceTree = "<group>"; };
		4B0A71471EA9745E00015DDB /* AlbumTableViewCell.swift */ = {isa = PBXFileReference; fileEncoding = 4; lastKnownFileType = sourcecode.swift; path = AlbumTableViewCell.swift; sourceTree = "<group>"; };
		4B428AB71EAAE6B900DECC81 /* fbsearch-Bridging-Header.h */ = {isa = PBXFileReference; lastKnownFileType = sourcecode.c.h; path = "fbsearch-Bridging-Header.h"; sourceTree = "<group>"; };
		4B428AB81EAAE6B900DECC81 /* SWRevealViewController.h */ = {isa = PBXFileReference; fileEncoding = 4; lastKnownFileType = sourcecode.c.h; path = SWRevealViewController.h; sourceTree = "<group>"; };
		4B428AB91EAAE6B900DECC81 /* SWRevealViewController.m */ = {isa = PBXFileReference; fileEncoding = 4; lastKnownFileType = sourcecode.c.objc; path = SWRevealViewController.m; sourceTree = "<group>"; };
		4B44E38C1EAEED89005F96C2 /* ResultTabBarController.swift */ = {isa = PBXFileReference; fileEncoding = 4; lastKnownFileType = sourcecode.swift; path = ResultTabBarController.swift; sourceTree = "<group>"; };
		4B44E38E1EAEFBE6005F96C2 /* 120.png */ = {isa = PBXFileReference; lastKnownFileType = image.png; path = 120.png; sourceTree = "<group>"; };
		4B44E38F1EAEFBE6005F96C2 /* 80.png */ = {isa = PBXFileReference; lastKnownFileType = image.png; path = 80.png; sourceTree = "<group>"; };
		4B44E3901EAEFBE6005F96C2 /* 87.png */ = {isa = PBXFileReference; lastKnownFileType = image.png; path = 87.png; sourceTree = "<group>"; };
		4B44E3911EAEFBE6005F96C2 /* 40.png */ = {isa = PBXFileReference; lastKnownFileType = image.png; path = 40.png; sourceTree = "<group>"; };
		4B44E3921EAEFBE6005F96C2 /* 60.png */ = {isa = PBXFileReference; lastKnownFileType = image.png; path = 60.png; sourceTree = "<group>"; };
		4B44E3981EAEFBEC005F96C2 /* 58.png */ = {isa = PBXFileReference; lastKnownFileType = image.png; path = 58.png; sourceTree = "<group>"; };
		4B7292981EB2AE86008B07CF /* IMG_1658 3.JPG */ = {isa = PBXFileReference; lastKnownFileType = image.jpeg; path = "IMG_1658 3.JPG"; sourceTree = "<group>"; };
		4B7F793E1EAD5F680091729D /* SideTableViewController.swift */ = {isa = PBXFileReference; fileEncoding = 4; lastKnownFileType = sourcecode.swift; path = SideTableViewController.swift; sourceTree = "<group>"; };
		4B80C6EF1EA56CDB00D732B6 /* fbsearch.app */ = {isa = PBXFileReference; explicitFileType = wrapper.application; includeInIndex = 0; path = fbsearch.app; sourceTree = BUILT_PRODUCTS_DIR; };
		4B80C6F21EA56CDB00D732B6 /* AppDelegate.swift */ = {isa = PBXFileReference; lastKnownFileType = sourcecode.swift; path = AppDelegate.swift; sourceTree = "<group>"; };
		4B80C6F91EA56CDB00D732B6 /* Base */ = {isa = PBXFileReference; lastKnownFileType = file.storyboard; name = Base; path = Base.lproj/Main.storyboard; sourceTree = "<group>"; };
		4B80C6FB1EA56CDB00D732B6 /* Assets.xcassets */ = {isa = PBXFileReference; lastKnownFileType = folder.assetcatalog; path = Assets.xcassets; sourceTree = "<group>"; };
		4B80C6FE1EA56CDB00D732B6 /* Base */ = {isa = PBXFileReference; lastKnownFileType = file.storyboard; name = Base; path = Base.lproj/LaunchScreen.storyboard; sourceTree = "<group>"; };
		4B80C7001EA56CDB00D732B6 /* Info.plist */ = {isa = PBXFileReference; lastKnownFileType = text.plist.xml; path = Info.plist; sourceTree = "<group>"; };
		4B80C7051EA56CDC00D732B6 /* fbsearchTests.xctest */ = {isa = PBXFileReference; explicitFileType = wrapper.cfbundle; includeInIndex = 0; path = fbsearchTests.xctest; sourceTree = BUILT_PRODUCTS_DIR; };
		4B80C7091EA56CDC00D732B6 /* fbsearchTests.swift */ = {isa = PBXFileReference; lastKnownFileType = sourcecode.swift; path = fbsearchTests.swift; sourceTree = "<group>"; };
		4B80C70B1EA56CDC00D732B6 /* Info.plist */ = {isa = PBXFileReference; lastKnownFileType = text.plist.xml; path = Info.plist; sourceTree = "<group>"; };
		4B80C7101EA56CDC00D732B6 /* fbsearchUITests.xctest */ = {isa = PBXFileReference; explicitFileType = wrapper.cfbundle; includeInIndex = 0; path = fbsearchUITests.xctest; sourceTree = BUILT_PRODUCTS_DIR; };
		4B80C7141EA56CDC00D732B6 /* fbsearchUITests.swift */ = {isa = PBXFileReference; lastKnownFileType = sourcecode.swift; path = fbsearchUITests.swift; sourceTree = "<group>"; };
		4B80C7161EA56CDC00D732B6 /* Info.plist */ = {isa = PBXFileReference; lastKnownFileType = text.plist.xml; path = Info.plist; sourceTree = "<group>"; };
		4B80C72B1EA5D26300D732B6 /* album.png */ = {isa = PBXFileReference; lastKnownFileType = image.png; path = album.png; sourceTree = "<group>"; };
		4B80C72C1EA5D26300D732B6 /* empty.png */ = {isa = PBXFileReference; lastKnownFileType = image.png; path = empty.png; sourceTree = "<group>"; };
		4B80C72D1EA5D26300D732B6 /* event.png */ = {isa = PBXFileReference; lastKnownFileType = image.png; path = event.png; sourceTree = "<group>"; };
		4B80C72E1EA5D26300D732B6 /* favorite.png */ = {isa = PBXFileReference; lastKnownFileType = image.png; path = favorite.png; sourceTree = "<group>"; };
		4B80C72F1EA5D26300D732B6 /* fb.png */ = {isa = PBXFileReference; lastKnownFileType = image.png; path = fb.png; sourceTree = "<group>"; };
		4B80C7301EA5D26300D732B6 /* filled.png */ = {isa = PBXFileReference; lastKnownFileType = image.png; path = filled.png; sourceTree = "<group>"; };
		4B80C7311EA5D26300D732B6 /* groups.png */ = {isa = PBXFileReference; lastKnownFileType = image.png; path = groups.png; sourceTree = "<group>"; };
		4B80C7321EA5D26300D732B6 /* home.png */ = {isa = PBXFileReference; lastKnownFileType = image.png; path = home.png; sourceTree = "<group>"; };
		4B80C7331EA5D26300D732B6 /* menu.png */ = {isa = PBXFileReference; lastKnownFileType = image.png; path = menu.png; sourceTree = "<group>"; };
		4B80C7341EA5D26300D732B6 /* options.png */ = {isa = PBXFileReference; lastKnownFileType = image.png; path = options.png; sourceTree = "<group>"; };
		4B80C7351EA5D26300D732B6 /* page.png */ = {isa = PBXFileReference; lastKnownFileType = image.png; path = page.png; sourceTree = "<group>"; };
		4B80C7361EA5D26300D732B6 /* place.png */ = {isa = PBXFileReference; lastKnownFileType = image.png; path = place.png; sourceTree = "<group>"; };
		4B80C7371EA5D26300D732B6 /* posts.png */ = {isa = PBXFileReference; lastKnownFileType = image.png; path = posts.png; sourceTree = "<group>"; };
		4B80C7381EA5D26300D732B6 /* users.png */ = {isa = PBXFileReference; lastKnownFileType = image.png; path = users.png; sourceTree = "<group>"; };
		4B80C7491EA5E72400D732B6 /* images.png */ = {isa = PBXFileReference; lastKnownFileType = image.png; path = images.png; sourceTree = "<group>"; };
		4B80C74B1EA5E94F00D732B6 /* ResultViewController.swift */ = {isa = PBXFileReference; fileEncoding = 4; lastKnownFileType = sourcecode.swift; path = ResultViewController.swift; sourceTree = "<group>"; };
		4B80C74D1EA6D2C400D732B6 /* SearchViewController.swift */ = {isa = PBXFileReference; fileEncoding = 4; lastKnownFileType = sourcecode.swift; path = SearchViewController.swift; sourceTree = "<group>"; };
		4B8573081EA73FE70005B53C /* back5.png */ = {isa = PBXFileReference; lastKnownFileType = image.png; path = back5.png; sourceTree = "<group>"; };
		4B8573091EA73FE70005B53C /* forw5.png */ = {isa = PBXFileReference; lastKnownFileType = image.png; path = forw5.png; sourceTree = "<group>"; };
		4B85730C1EA7428D0005B53C /* 200px-Ios-information-outline.png */ = {isa = PBXFileReference; lastKnownFileType = image.png; path = "200px-Ios-information-outline.png"; sourceTree = "<group>"; };
		4B85730E1EA7431B0005B53C /* right.png */ = {isa = PBXFileReference; lastKnownFileType = image.png; path = right.png; sourceTree = "<group>"; };
		4B8573101EA747CF0005B53C /* ResultTableViewCell.swift */ = {isa = PBXFileReference; fileEncoding = 4; lastKnownFileType = sourcecode.swift; path = ResultTableViewCell.swift; sourceTree = "<group>"; };
		4B8573121EA74F8D0005B53C /* ResultUnit.swift */ = {isa = PBXFileReference; fileEncoding = 4; lastKnownFileType = sourcecode.swift; path = ResultUnit.swift; sourceTree = "<group>"; };
		4B8573141EA756EA0005B53C /* ResultTableViewController.swift */ = {isa = PBXFileReference; fileEncoding = 4; lastKnownFileType = sourcecode.swift; path = ResultTableViewController.swift; sourceTree = "<group>"; };
		4B8573181EA7F13A0005B53C /* Passengers.swift */ = {isa = PBXFileReference; fileEncoding = 4; lastKnownFileType = sourcecode.swift; path = Passengers.swift; sourceTree = "<group>"; };
		4B85731A1EA805F20005B53C /* UserViewController.swift */ = {isa = PBXFileReference; fileEncoding = 4; lastKnownFileType = sourcecode.swift; path = UserViewController.swift; sourceTree = "<group>"; };
		4B85731C1EA80C3C0005B53C /* PageViewController.swift */ = {isa = PBXFileReference; fileEncoding = 4; lastKnownFileType = sourcecode.swift; path = PageViewController.swift; sourceTree = "<group>"; };
		4B85731E1EA80C500005B53C /* EventViewController.swift */ = {isa = PBXFileReference; fileEncoding = 4; lastKnownFileType = sourcecode.swift; path = EventViewController.swift; sourceTree = "<group>"; };
		4B8573201EA80C690005B53C /* PlaceViewController.swift */ = {isa = PBXFileReference; fileEncoding = 4; lastKnownFileType = sourcecode.swift; path = PlaceViewController.swift; sourceTree = "<group>"; };
		4B8573221EA80C750005B53C /* GroupViewController.swift */ = {isa = PBXFileReference; fileEncoding = 4; lastKnownFileType = sourcecode.swift; path = GroupViewController.swift; sourceTree = "<group>"; };
		4B85732C1EA94F510005B53C /* DetailViewController.swift */ = {isa = PBXFileReference; fileEncoding = 4; lastKnownFileType = sourcecode.swift; path = DetailViewController.swift; sourceTree = "<group>"; };
		4B85732E1EA94FA00005B53C /* AlbumUnit.swift */ = {isa = PBXFileReference; fileEncoding = 4; lastKnownFileType = sourcecode.swift; path = AlbumUnit.swift; sourceTree = "<group>"; };
		4B8573301EA9628A0005B53C /* PostUnit.swift */ = {isa = PBXFileReference; fileEncoding = 4; lastKnownFileType = sourcecode.swift; path = PostUnit.swift; sourceTree = "<group>"; };
		4BABB77A1EAF353700FE316C /* s180.png */ = {isa = PBXFileReference; lastKnownFileType = image.png; path = s180.png; sourceTree = "<group>"; };
		4BABB77C1EAF35BB00FE316C /* s120.png */ = {isa = PBXFileReference; lastKnownFileType = image.png; path = s120.png; sourceTree = "<group>"; };
		4BABB77D1EAF35BB00FE316C /* s80.png */ = {isa = PBXFileReference; lastKnownFileType = image.png; path = s80.png; sourceTree = "<group>"; };
		4BABB77E1EAF35BB00FE316C /* s87.png */ = {isa = PBXFileReference; lastKnownFileType = image.png; path = s87.png; sourceTree = "<group>"; };
		4BABB77F1EAF35BB00FE316C /* s58.png */ = {isa = PBXFileReference; lastKnownFileType = image.png; path = s58.png; sourceTree = "<group>"; };
		4BABB7801EAF35BB00FE316C /* s60.png */ = {isa = PBXFileReference; lastKnownFileType = image.png; path = s60.png; sourceTree = "<group>"; };
		4BABB7811EAF35BB00FE316C /* s40.png */ = {isa = PBXFileReference; lastKnownFileType = image.png; path = s40.png; sourceTree = "<group>"; };
		4BAD09371EAEC67F0086EAB8 /* IMG_6621.JPG */ = {isa = PBXFileReference; lastKnownFileType = image.jpeg; path = IMG_6621.JPG; sourceTree = "<group>"; };
		4BAD09391EAEC7120086EAB8 /* AboutmeViewController.swift */ = {isa = PBXFileReference; fileEncoding = 4; lastKnownFileType = sourcecode.swift; path = AboutmeViewController.swift; sourceTree = "<group>"; };
		4BAD093B1EAEC9CD0086EAB8 /* search-7-xxl.png */ = {isa = PBXFileReference; lastKnownFileType = image.png; path = "search-7-xxl.png"; sourceTree = "<group>"; };
		4BAD093D1EAECAB80086EAB8 /* search-512.png */ = {isa = PBXFileReference; lastKnownFileType = image.png; path = "search-512.png"; sourceTree = "<group>"; };
		4BAD093F1EAECC6B0086EAB8 /* appicon.png */ = {isa = PBXFileReference; lastKnownFileType = image.png; path = appicon.png; sourceTree = "<group>"; };
		6C4FE11C2B5B285A7EC47FAC /* Pods-fbsearchTests.release.xcconfig */ = {isa = PBXFileReference; includeInIndex = 1; lastKnownFileType = text.xcconfig; name = "Pods-fbsearchTests.release.xcconfig"; path = "Pods/Target Support Files/Pods-fbsearchTests/Pods-fbsearchTests.release.xcconfig"; sourceTree = "<group>"; };
		74C5A2BDA2C2B423AC05DFED /* Pods_fbsearchTests.framework */ = {isa = PBXFileReference; explicitFileType = wrapper.framework; includeInIndex = 0; path = Pods_fbsearchTests.framework; sourceTree = BUILT_PRODUCTS_DIR; };
		76DEE0887744B4532EF9D377 /* Pods-fbsearch.release.xcconfig */ = {isa = PBXFileReference; includeInIndex = 1; lastKnownFileType = text.xcconfig; name = "Pods-fbsearch.release.xcconfig"; path = "Pods/Target Support Files/Pods-fbsearch/Pods-fbsearch.release.xcconfig"; sourceTree = "<group>"; };
		98986F7356A6AE326306C56B /* Pods-fbsearch.debug.xcconfig */ = {isa = PBXFileReference; includeInIndex = 1; lastKnownFileType = text.xcconfig; name = "Pods-fbsearch.debug.xcconfig"; path = "Pods/Target Support Files/Pods-fbsearch/Pods-fbsearch.debug.xcconfig"; sourceTree = "<group>"; };
		BC4F918D25D02EF2FD8822CB /* Pods-fbsearchTests.debug.xcconfig */ = {isa = PBXFileReference; includeInIndex = 1; lastKnownFileType = text.xcconfig; name = "Pods-fbsearchTests.debug.xcconfig"; path = "Pods/Target Support Files/Pods-fbsearchTests/Pods-fbsearchTests.debug.xcconfig"; sourceTree = "<group>"; };
		D4BBD0E4DF9F125F95B630A9 /* Pods_fbsearch.framework */ = {isa = PBXFileReference; explicitFileType = wrapper.framework; includeInIndex = 0; path = Pods_fbsearch.framework; sourceTree = BUILT_PRODUCTS_DIR; };
		D746638A9451F9A0C5CED123 /* Pods-fbsearchUITests.release.xcconfig */ = {isa = PBXFileReference; includeInIndex = 1; lastKnownFileType = text.xcconfig; name = "Pods-fbsearchUITests.release.xcconfig"; path = "Pods/Target Support Files/Pods-fbsearchUITests/Pods-fbsearchUITests.release.xcconfig"; sourceTree = "<group>"; };
/* End PBXFileReference section */

/* Begin PBXFrameworksBuildPhase section */
		4B80C6EC1EA56CDB00D732B6 /* Frameworks */ = {
			isa = PBXFrameworksBuildPhase;
			buildActionMask = 2147483647;
			files = (
				8C8650C71748A55775690D3A /* Pods_fbsearch.framework in Frameworks */,
			);
			runOnlyForDeploymentPostprocessing = 0;
		};
		4B80C7021EA56CDC00D732B6 /* Frameworks */ = {
			isa = PBXFrameworksBuildPhase;
			buildActionMask = 2147483647;
			files = (
				257451798401BE76BC7093F7 /* Pods_fbsearchTests.framework in Frameworks */,
			);
			runOnlyForDeploymentPostprocessing = 0;
		};
		4B80C70D1EA56CDC00D732B6 /* Frameworks */ = {
			isa = PBXFrameworksBuildPhase;
			buildActionMask = 2147483647;
			files = (
				B7DC55876D3558A644C29438 /* Pods_fbsearchUITests.framework in Frameworks */,
			);
			runOnlyForDeploymentPostprocessing = 0;
		};
/* End PBXFrameworksBuildPhase section */

/* Begin PBXGroup section */
		20F13EC8DC30FFD20D49A221 /* Frameworks */ = {
			isa = PBXGroup;
			children = (
				D4BBD0E4DF9F125F95B630A9 /* Pods_fbsearch.framework */,
				74C5A2BDA2C2B423AC05DFED /* Pods_fbsearchTests.framework */,
				179FB1CE8699E865BDE0B8F9 /* Pods_fbsearchUITests.framework */,
			);
			name = Frameworks;
			sourceTree = "<group>";
		};
		4B80C6E61EA56CDB00D732B6 = {
			isa = PBXGroup;
			children = (
				4B80C6F11EA56CDB00D732B6 /* fbsearch */,
				4B80C7081EA56CDC00D732B6 /* fbsearchTests */,
				4B80C7131EA56CDC00D732B6 /* fbsearchUITests */,
				4B80C6F01EA56CDB00D732B6 /* Products */,
				EE228EEB8430DBAB0A6A9DE8 /* Pods */,
				20F13EC8DC30FFD20D49A221 /* Frameworks */,
			);
			sourceTree = "<group>";
		};
		4B80C6F01EA56CDB00D732B6 /* Products */ = {
			isa = PBXGroup;
			children = (
				4B80C6EF1EA56CDB00D732B6 /* fbsearch.app */,
				4B80C7051EA56CDC00D732B6 /* fbsearchTests.xctest */,
				4B80C7101EA56CDC00D732B6 /* fbsearchUITests.xctest */,
			);
			name = Products;
			sourceTree = "<group>";
		};
		4B80C6F11EA56CDB00D732B6 /* fbsearch */ = {
			isa = PBXGroup;
			children = (
				4B80C7281EA5D24600D732B6 /* images */,
				4B80C6F21EA56CDB00D732B6 /* AppDelegate.swift */,
				4B80C74D1EA6D2C400D732B6 /* SearchViewController.swift */,
				4BAD09391EAEC7120086EAB8 /* AboutmeViewController.swift */,
				4B80C74B1EA5E94F00D732B6 /* ResultViewController.swift */,
				4B7F793E1EAD5F680091729D /* SideTableViewController.swift */,
				4B85732C1EA94F510005B53C /* DetailViewController.swift */,
				4B85731A1EA805F20005B53C /* UserViewController.swift */,
				4B85731C1EA80C3C0005B53C /* PageViewController.swift */,
				4B85731E1EA80C500005B53C /* EventViewController.swift */,
				4B8573201EA80C690005B53C /* PlaceViewController.swift */,
				4B8573221EA80C750005B53C /* GroupViewController.swift */,
				4B8573141EA756EA0005B53C /* ResultTableViewController.swift */,
				4B44E38C1EAEED89005F96C2 /* ResultTabBarController.swift */,
				4B8573121EA74F8D0005B53C /* ResultUnit.swift */,
				4B85732E1EA94FA00005B53C /* AlbumUnit.swift */,
				4B8573301EA9628A0005B53C /* PostUnit.swift */,
				4B80C6F81EA56CDB00D732B6 /* Main.storyboard */,
				4B8573101EA747CF0005B53C /* ResultTableViewCell.swift */,
				4B0A71471EA9745E00015DDB /* AlbumTableViewCell.swift */,
				4B0A71451EA9745300015DDB /* PostTableViewCell.swift */,
				4B8573181EA7F13A0005B53C /* Passengers.swift */,
				4B80C6FB1EA56CDB00D732B6 /* Assets.xcassets */,
				4B80C6FD1EA56CDB00D732B6 /* LaunchScreen.storyboard */,
				4B80C7001EA56CDB00D732B6 /* Info.plist */,
				4B428AB81EAAE6B900DECC81 /* SWRevealViewController.h */,
				4B428AB91EAAE6B900DECC81 /* SWRevealViewController.m */,
				4B428AB71EAAE6B900DECC81 /* fbsearch-Bridging-Header.h */,
			);
			path = fbsearch;
			sourceTree = "<group>";
		};
		4B80C7081EA56CDC00D732B6 /* fbsearchTests */ = {
			isa = PBXGroup;
			children = (
				4B80C7091EA56CDC00D732B6 /* fbsearchTests.swift */,
				4B80C70B1EA56CDC00D732B6 /* Info.plist */,
			);
			path = fbsearchTests;
			sourceTree = "<group>";
		};
		4B80C7131EA56CDC00D732B6 /* fbsearchUITests */ = {
			isa = PBXGroup;
			children = (
				4B80C7141EA56CDC00D732B6 /* fbsearchUITests.swift */,
				4B80C7161EA56CDC00D732B6 /* Info.plist */,
			);
			path = fbsearchUITests;
			sourceTree = "<group>";
		};
		4B80C7281EA5D24600D732B6 /* images */ = {
			isa = PBXGroup;
			children = (
				4B7292981EB2AE86008B07CF /* IMG_1658 3.JPG */,
				4BABB77A1EAF353700FE316C /* s180.png */,
				4BABB77C1EAF35BB00FE316C /* s120.png */,
				4BABB77D1EAF35BB00FE316C /* s80.png */,
				4BABB77E1EAF35BB00FE316C /* s87.png */,
				4BABB77F1EAF35BB00FE316C /* s58.png */,
				4BABB7801EAF35BB00FE316C /* s60.png */,
				4BABB7811EAF35BB00FE316C /* s40.png */,
				4B44E3981EAEFBEC005F96C2 /* 58.png */,
				4B44E38E1EAEFBE6005F96C2 /* 120.png */,
				4B44E38F1EAEFBE6005F96C2 /* 80.png */,
				4B44E3901EAEFBE6005F96C2 /* 87.png */,
				4B44E3911EAEFBE6005F96C2 /* 40.png */,
				4B44E3921EAEFBE6005F96C2 /* 60.png */,
				4BAD093F1EAECC6B0086EAB8 /* appicon.png */,
				4BAD093B1EAEC9CD0086EAB8 /* search-7-xxl.png */,
				4BAD09371EAEC67F0086EAB8 /* IMG_6621.JPG */,
				4B85730C1EA7428D0005B53C /* 200px-Ios-information-outline.png */,
				4B85730E1EA7431B0005B53C /* right.png */,
				4B80C7491EA5E72400D732B6 /* images.png */,
				4B80C72B1EA5D26300D732B6 /* album.png */,
				4B80C72C1EA5D26300D732B6 /* empty.png */,
				4B80C72D1EA5D26300D732B6 /* event.png */,
				4B80C72E1EA5D26300D732B6 /* favorite.png */,
				4B8573081EA73FE70005B53C /* back5.png */,
				4B8573091EA73FE70005B53C /* forw5.png */,
				4B80C72F1EA5D26300D732B6 /* fb.png */,
				4B80C7331EA5D26300D732B6 /* menu.png */,
				4B80C7301EA5D26300D732B6 /* filled.png */,
				4B80C7311EA5D26300D732B6 /* groups.png */,
				4B80C7321EA5D26300D732B6 /* home.png */,
				4B80C7341EA5D26300D732B6 /* options.png */,
				4BAD093D1EAECAB80086EAB8 /* search-512.png */,
				4B80C7351EA5D26300D732B6 /* page.png */,
				4B80C7361EA5D26300D732B6 /* place.png */,
				4B80C7371EA5D26300D732B6 /* posts.png */,
				4B80C7381EA5D26300D732B6 /* users.png */,
			);
			name = images;
			sourceTree = "<group>";
		};
		EE228EEB8430DBAB0A6A9DE8 /* Pods */ = {
			isa = PBXGroup;
			children = (
				98986F7356A6AE326306C56B /* Pods-fbsearch.debug.xcconfig */,
				76DEE0887744B4532EF9D377 /* Pods-fbsearch.release.xcconfig */,
				BC4F918D25D02EF2FD8822CB /* Pods-fbsearchTests.debug.xcconfig */,
				6C4FE11C2B5B285A7EC47FAC /* Pods-fbsearchTests.release.xcconfig */,
				01A061E62E3B371E1A0B250C /* Pods-fbsearchUITests.debug.xcconfig */,
				D746638A9451F9A0C5CED123 /* Pods-fbsearchUITests.release.xcconfig */,
			);
			name = Pods;
			sourceTree = "<group>";
		};
/* End PBXGroup section */

/* Begin PBXNativeTarget section */
		4B80C6EE1EA56CDB00D732B6 /* fbsearch */ = {
			isa = PBXNativeTarget;
			buildConfigurationList = 4B80C7191EA56CDC00D732B6 /* Build configuration list for PBXNativeTarget "fbsearch" */;
			buildPhases = (
				52ED0FC86B71F3FC2289D4C7 /* [CP] Check Pods Manifest.lock */,
				4B80C6EB1EA56CDB00D732B6 /* Sources */,
				4B80C6EC1EA56CDB00D732B6 /* Frameworks */,
				4B80C6ED1EA56CDB00D732B6 /* Resources */,
				0F91326B109B207208E6DED9 /* [CP] Embed Pods Frameworks */,
				3704601AE13CAEB4573E4CE8 /* [CP] Copy Pods Resources */,
			);
			buildRules = (
			);
			dependencies = (
			);
			name = fbsearch;
			productName = fbsearch;
			productReference = 4B80C6EF1EA56CDB00D732B6 /* fbsearch.app */;
			productType = "com.apple.product-type.application";
		};
		4B80C7041EA56CDC00D732B6 /* fbsearchTests */ = {
			isa = PBXNativeTarget;
			buildConfigurationList = 4B80C71C1EA56CDC00D732B6 /* Build configuration list for PBXNativeTarget "fbsearchTests" */;
			buildPhases = (
				4CBE12953039B52E39C28230 /* [CP] Check Pods Manifest.lock */,
				4B80C7011EA56CDC00D732B6 /* Sources */,
				4B80C7021EA56CDC00D732B6 /* Frameworks */,
				4B80C7031EA56CDC00D732B6 /* Resources */,
				3578C98B909C09C85FA503B6 /* [CP] Embed Pods Frameworks */,
				5E51F1E3DE836A248ABA9975 /* [CP] Copy Pods Resources */,
			);
			buildRules = (
			);
			dependencies = (
				4B80C7071EA56CDC00D732B6 /* PBXTargetDependency */,
			);
			name = fbsearchTests;
			productName = fbsearchTests;
			productReference = 4B80C7051EA56CDC00D732B6 /* fbsearchTests.xctest */;
			productType = "com.apple.product-type.bundle.unit-test";
		};
		4B80C70F1EA56CDC00D732B6 /* fbsearchUITests */ = {
			isa = PBXNativeTarget;
			buildConfigurationList = 4B80C71F1EA56CDC00D732B6 /* Build configuration list for PBXNativeTarget "fbsearchUITests" */;
			buildPhases = (
				7C09ABB02A2F59E3AFB4C00E /* [CP] Check Pods Manifest.lock */,
				4B80C70C1EA56CDC00D732B6 /* Sources */,
				4B80C70D1EA56CDC00D732B6 /* Frameworks */,
				4B80C70E1EA56CDC00D732B6 /* Resources */,
				70EA8D044A6BFA105641A09D /* [CP] Embed Pods Frameworks */,
				602D8B379B75950FCD344380 /* [CP] Copy Pods Resources */,
			);
			buildRules = (
			);
			dependencies = (
				4B80C7121EA56CDC00D732B6 /* PBXTargetDependency */,
			);
			name = fbsearchUITests;
			productName = fbsearchUITests;
			productReference = 4B80C7101EA56CDC00D732B6 /* fbsearchUITests.xctest */;
			productType = "com.apple.product-type.bundle.ui-testing";
		};
/* End PBXNativeTarget section */

/* Begin PBXProject section */
		4B80C6E71EA56CDB00D732B6 /* Project object */ = {
			isa = PBXProject;
			attributes = {
				LastSwiftUpdateCheck = 0830;
				LastUpgradeCheck = 0830;
				ORGANIZATIONNAME = "Jibiao Shen";
				TargetAttributes = {
					4B80C6EE1EA56CDB00D732B6 = {
						CreatedOnToolsVersion = 8.3;
						DevelopmentTeam = 55Q48DVF6E;
						LastSwiftMigration = 0830;
						ProvisioningStyle = Automatic;
					};
					4B80C7041EA56CDC00D732B6 = {
						CreatedOnToolsVersion = 8.3;
						DevelopmentTeam = 55Q48DVF6E;
						ProvisioningStyle = Automatic;
						TestTargetID = 4B80C6EE1EA56CDB00D732B6;
					};
					4B80C70F1EA56CDC00D732B6 = {
						CreatedOnToolsVersion = 8.3;
						DevelopmentTeam = 55Q48DVF6E;
						ProvisioningStyle = Automatic;
						TestTargetID = 4B80C6EE1EA56CDB00D732B6;
					};
				};
			};
			buildConfigurationList = 4B80C6EA1EA56CDB00D732B6 /* Build configuration list for PBXProject "fbsearch" */;
			compatibilityVersion = "Xcode 3.2";
			developmentRegion = English;
			hasScannedForEncodings = 0;
			knownRegions = (
				en,
				Base,
			);
			mainGroup = 4B80C6E61EA56CDB00D732B6;
			productRefGroup = 4B80C6F01EA56CDB00D732B6 /* Products */;
			projectDirPath = "";
			projectRoot = "";
			targets = (
				4B80C6EE1EA56CDB00D732B6 /* fbsearch */,
				4B80C7041EA56CDC00D732B6 /* fbsearchTests */,
				4B80C70F1EA56CDC00D732B6 /* fbsearchUITests */,
			);
		};
/* End PBXProject section */

/* Begin PBXResourcesBuildPhase section */
		4B80C6ED1EA56CDB00D732B6 /* Resources */ = {
			isa = PBXResourcesBuildPhase;
			buildActionMask = 2147483647;
			files = (
				4B44E3971EAEFBE6005F96C2 /* 60.png in Resources */,
				4B85730D1EA7428D0005B53C /* 200px-Ios-information-outline.png in Resources */,
				4B44E3941EAEFBE6005F96C2 /* 80.png in Resources */,
				4B80C7441EA5D26300D732B6 /* place.png in Resources */,
				4B80C6FF1EA56CDB00D732B6 /* LaunchScreen.storyboard in Resources */,
				4B44E3931EAEFBE6005F96C2 /* 120.png in Resources */,
				4BABB7851EAF35BB00FE316C /* s58.png in Resources */,
				4B44E3991EAEFBEC005F96C2 /* 58.png in Resources */,
				4B44E3961EAEFBE6005F96C2 /* 40.png in Resources */,
				4BAD093E1EAECAB80086EAB8 /* search-512.png in Resources */,
				4B80C7421EA5D26300D732B6 /* options.png in Resources */,
				4BABB7861EAF35BB00FE316C /* s60.png in Resources */,
				4B80C6FC1EA56CDB00D732B6 /* Assets.xcassets in Resources */,
				4BABB7831EAF35BB00FE316C /* s80.png in Resources */,
				4B80C7411EA5D26300D732B6 /* menu.png in Resources */,
				4B80C7461EA5D26300D732B6 /* users.png in Resources */,
				4B7292991EB2AE86008B07CF /* IMG_1658 3.JPG in Resources */,
				4B80C6FA1EA56CDB00D732B6 /* Main.storyboard in Resources */,
				4BABB77B1EAF353700FE316C /* s180.png in Resources */,
				4B80C7391EA5D26300D732B6 /* album.png in Resources */,
				4B85730B1EA73FE70005B53C /* forw5.png in Resources */,
				4B80C73D1EA5D26300D732B6 /* fb.png in Resources */,
				4B80C73A1EA5D26300D732B6 /* empty.png in Resources */,
				4B80C73E1EA5D26300D732B6 /* filled.png in Resources */,
				4BAD09401EAECC6B0086EAB8 /* appicon.png in Resources */,
				4BABB7821EAF35BB00FE316C /* s120.png in Resources */,
				4B80C7401EA5D26300D732B6 /* home.png in Resources */,
				4BABB7841EAF35BB00FE316C /* s87.png in Resources */,
				4B80C7431EA5D26300D732B6 /* page.png in Resources */,
				4B80C73B1EA5D26300D732B6 /* event.png in Resources */,
				4B80C73C1EA5D26300D732B6 /* favorite.png in Resources */,
				4BABB7871EAF35BB00FE316C /* s40.png in Resources */,
				4B80C74A1EA5E72400D732B6 /* images.png in Resources */,
				4B80C73F1EA5D26300D732B6 /* groups.png in Resources */,
				4B85730F1EA7431B0005B53C /* right.png in Resources */,
				4B85730A1EA73FE70005B53C /* back5.png in Resources */,
				4BAD09381EAEC67F0086EAB8 /* IMG_6621.JPG in Resources */,
				4BAD093C1EAEC9CD0086EAB8 /* search-7-xxl.png in Resources */,
				4B44E3951EAEFBE6005F96C2 /* 87.png in Resources */,
				4B80C7451EA5D26300D732B6 /* posts.png in Resources */,
			);
			runOnlyForDeploymentPostprocessing = 0;
		};
		4B80C7031EA56CDC00D732B6 /* Resources */ = {
			isa = PBXResourcesBuildPhase;
			buildActionMask = 2147483647;
			files = (
			);
			runOnlyForDeploymentPostprocessing = 0;
		};
		4B80C70E1EA56CDC00D732B6 /* Resources */ = {
			isa = PBXResourcesBuildPhase;
			buildActionMask = 2147483647;
			files = (
			);
			runOnlyForDeploymentPostprocessing = 0;
		};
/* End PBXResourcesBuildPhase section */

/* Begin PBXShellScriptBuildPhase section */
		0F91326B109B207208E6DED9 /* [CP] Embed Pods Frameworks */ = {
			isa = PBXShellScriptBuildPhase;
			buildActionMask = 2147483647;
			files = (
			);
			inputPaths = (
			);
			name = "[CP] Embed Pods Frameworks";
			outputPaths = (
			);
			runOnlyForDeploymentPostprocessing = 0;
			shellPath = /bin/sh;
			shellScript = "\"${SRCROOT}/Pods/Target Support Files/Pods-fbsearch/Pods-fbsearch-frameworks.sh\"\n";
			showEnvVarsInLog = 0;
		};
		3578C98B909C09C85FA503B6 /* [CP] Embed Pods Frameworks */ = {
			isa = PBXShellScriptBuildPhase;
			buildActionMask = 2147483647;
			files = (
			);
			inputPaths = (
			);
			name = "[CP] Embed Pods Frameworks";
			outputPaths = (
			);
			runOnlyForDeploymentPostprocessing = 0;
			shellPath = /bin/sh;
			shellScript = "\"${SRCROOT}/Pods/Target Support Files/Pods-fbsearchTests/Pods-fbsearchTests-frameworks.sh\"\n";
			showEnvVarsInLog = 0;
		};
		3704601AE13CAEB4573E4CE8 /* [CP] Copy Pods Resources */ = {
			isa = PBXShellScriptBuildPhase;
			buildActionMask = 2147483647;
			files = (
			);
			inputPaths = (
			);
			name = "[CP] Copy Pods Resources";
			outputPaths = (
			);
			runOnlyForDeploymentPostprocessing = 0;
			shellPath = /bin/sh;
			shellScript = "\"${SRCROOT}/Pods/Target Support Files/Pods-fbsearch/Pods-fbsearch-resources.sh\"\n";
			showEnvVarsInLog = 0;
		};
		4CBE12953039B52E39C28230 /* [CP] Check Pods Manifest.lock */ = {
			isa = PBXShellScriptBuildPhase;
			buildActionMask = 2147483647;
			files = (
			);
			inputPaths = (
			);
			name = "[CP] Check Pods Manifest.lock";
			outputPaths = (
			);
			runOnlyForDeploymentPostprocessing = 0;
			shellPath = /bin/sh;
			shellScript = "diff \"${PODS_PODFILE_DIR_PATH}/Podfile.lock\" \"${PODS_ROOT}/Manifest.lock\" > /dev/null\nif [ $? != 0 ] ; then\n    # print error to STDERR\n    echo \"error: The sandbox is not in sync with the Podfile.lock. Run 'pod install' or update your CocoaPods installation.\" >&2\n    exit 1\nfi\n";
			showEnvVarsInLog = 0;
		};
		52ED0FC86B71F3FC2289D4C7 /* [CP] Check Pods Manifest.lock */ = {
			isa = PBXShellScriptBuildPhase;
			buildActionMask = 2147483647;
			files = (
			);
			inputPaths = (
			);
			name = "[CP] Check Pods Manifest.lock";
			outputPaths = (
			);
			runOnlyForDeploymentPostprocessing = 0;
			shellPath = /bin/sh;
			shellScript = "diff \"${PODS_PODFILE_DIR_PATH}/Podfile.lock\" \"${PODS_ROOT}/Manifest.lock\" > /dev/null\nif [ $? != 0 ] ; then\n    # print error to STDERR\n    echo \"error: The sandbox is not in sync with the Podfile.lock. Run 'pod install' or update your CocoaPods installation.\" >&2\n    exit 1\nfi\n";
			showEnvVarsInLog = 0;
		};
		5E51F1E3DE836A248ABA9975 /* [CP] Copy Pods Resources */ = {
			isa = PBXShellScriptBuildPhase;
			buildActionMask = 2147483647;
			files = (
			);
			inputPaths = (
			);
			name = "[CP] Copy Pods Resources";
			outputPaths = (
			);
			runOnlyForDeploymentPostprocessing = 0;
			shellPath = /bin/sh;
			shellScript = "\"${SRCROOT}/Pods/Target Support Files/Pods-fbsearchTests/Pods-fbsearchTests-resources.sh\"\n";
			showEnvVarsInLog = 0;
		};
		602D8B379B75950FCD344380 /* [CP] Copy Pods Resources */ = {
			isa = PBXShellScriptBuildPhase;
			buildActionMask = 2147483647;
			files = (
			);
			inputPaths = (
			);
			name = "[CP] Copy Pods Resources";
			outputPaths = (
			);
			runOnlyForDeploymentPostprocessing = 0;
			shellPath = /bin/sh;
			shellScript = "\"${SRCROOT}/Pods/Target Support Files/Pods-fbsearchUITests/Pods-fbsearchUITests-resources.sh\"\n";
			showEnvVarsInLog = 0;
		};
		70EA8D044A6BFA105641A09D /* [CP] Embed Pods Frameworks */ = {
			isa = PBXShellScriptBuildPhase;
			buildActionMask = 2147483647;
			files = (
			);
			inputPaths = (
			);
			name = "[CP] Embed Pods Frameworks";
			outputPaths = (
			);
			runOnlyForDeploymentPostprocessing = 0;
			shellPath = /bin/sh;
			shellScript = "\"${SRCROOT}/Pods/Target Support Files/Pods-fbsearchUITests/Pods-fbsearchUITests-frameworks.sh\"\n";
			showEnvVarsInLog = 0;
		};
		7C09ABB02A2F59E3AFB4C00E /* [CP] Check Pods Manifest.lock */ = {
			isa = PBXShellScriptBuildPhase;
			buildActionMask = 2147483647;
			files = (
			);
			inputPaths = (
			);
			name = "[CP] Check Pods Manifest.lock";
			outputPaths = (
			);
			runOnlyForDeploymentPostprocessing = 0;
			shellPath = /bin/sh;
			shellScript = "diff \"${PODS_PODFILE_DIR_PATH}/Podfile.lock\" \"${PODS_ROOT}/Manifest.lock\" > /dev/null\nif [ $? != 0 ] ; then\n    # print error to STDERR\n    echo \"error: The sandbox is not in sync with the Podfile.lock. Run 'pod install' or update your CocoaPods installation.\" >&2\n    exit 1\nfi\n";
			showEnvVarsInLog = 0;
		};
/* End PBXShellScriptBuildPhase section */

/* Begin PBXSourcesBuildPhase section */
		4B80C6EB1EA56CDB00D732B6 /* Sources */ = {
			isa = PBXSourcesBuildPhase;
			buildActionMask = 2147483647;
			files = (
				4B8573231EA80C750005B53C /* GroupViewController.swift in Sources */,
				4B428ABA1EAAE6B900DECC81 /* SWRevealViewController.m in Sources */,
				4B8573211EA80C6A0005B53C /* PlaceViewController.swift in Sources */,
				4B0A71461EA9745300015DDB /* PostTableViewCell.swift in Sources */,
				4B8573131EA74F8D0005B53C /* ResultUnit.swift in Sources */,
				4B85731B1EA805F20005B53C /* UserViewController.swift in Sources */,
				4B0A71481EA9745E00015DDB /* AlbumTableViewCell.swift in Sources */,
				4B80C74E1EA6D2C400D732B6 /* SearchViewController.swift in Sources */,
				4B44E38D1EAEED89005F96C2 /* ResultTabBarController.swift in Sources */,
				4B8573191EA7F13A0005B53C /* Passengers.swift in Sources */,
				4B8573151EA756EA0005B53C /* ResultTableViewController.swift in Sources */,
				4B85731F1EA80C500005B53C /* EventViewController.swift in Sources */,
				4B80C6F31EA56CDB00D732B6 /* AppDelegate.swift in Sources */,
				4B7F793F1EAD5F680091729D /* SideTableViewController.swift in Sources */,
				4B85731D1EA80C3C0005B53C /* PageViewController.swift in Sources */,
				4B8573111EA747CF0005B53C /* ResultTableViewCell.swift in Sources */,
				4B80C74C1EA5E94F00D732B6 /* ResultViewController.swift in Sources */,
				4B85732D1EA94F510005B53C /* DetailViewController.swift in Sources */,
				4BAD093A1EAEC7120086EAB8 /* AboutmeViewController.swift in Sources */,
				4B85732F1EA94FA00005B53C /* AlbumUnit.swift in Sources */,
				4B8573311EA9628A0005B53C /* PostUnit.swift in Sources */,
			);
			runOnlyForDeploymentPostprocessing = 0;
		};
		4B80C7011EA56CDC00D732B6 /* Sources */ = {
			isa = PBXSourcesBuildPhase;
			buildActionMask = 2147483647;
			files = (
				4B80C70A1EA56CDC00D732B6 /* fbsearchTests.swift in Sources */,
			);
			runOnlyForDeploymentPostprocessing = 0;
		};
		4B80C70C1EA56CDC00D732B6 /* Sources */ = {
			isa = PBXSourcesBuildPhase;
			buildActionMask = 2147483647;
			files = (
				4B80C7151EA56CDC00D732B6 /* fbsearchUITests.swift in Sources */,
			);
			runOnlyForDeploymentPostprocessing = 0;
		};
/* End PBXSourcesBuildPhase section */

/* Begin PBXTargetDependency section */
		4B80C7071EA56CDC00D732B6 /* PBXTargetDependency */ = {
			isa = PBXTargetDependency;
			target = 4B80C6EE1EA56CDB00D732B6 /* fbsearch */;
			targetProxy = 4B80C7061EA56CDC00D732B6 /* PBXContainerItemProxy */;
		};
		4B80C7121EA56CDC00D732B6 /* PBXTargetDependency */ = {
			isa = PBXTargetDependency;
			target = 4B80C6EE1EA56CDB00D732B6 /* fbsearch */;
			targetProxy = 4B80C7111EA56CDC00D732B6 /* PBXContainerItemProxy */;
		};
/* End PBXTargetDependency section */

/* Begin PBXVariantGroup section */
		4B80C6F81EA56CDB00D732B6 /* Main.storyboard */ = {
			isa = PBXVariantGroup;
			children = (
				4B80C6F91EA56CDB00D732B6 /* Base */,
			);
			name = Main.storyboard;
			sourceTree = "<group>";
		};
		4B80C6FD1EA56CDB00D732B6 /* LaunchScreen.storyboard */ = {
			isa = PBXVariantGroup;
			children = (
				4B80C6FE1EA56CDB00D732B6 /* Base */,
			);
			name = LaunchScreen.storyboard;
			sourceTree = "<group>";
		};
/* End PBXVariantGroup section */

/* Begin XCBuildConfiguration section */
		4B80C7171EA56CDC00D732B6 /* Debug */ = {
			isa = XCBuildConfiguration;
			buildSettings = {
				ALWAYS_SEARCH_USER_PATHS = NO;
				CLANG_ANALYZER_NONNULL = YES;
				CLANG_ANALYZER_NUMBER_OBJECT_CONVERSION = YES_AGGRESSIVE;
				CLANG_CXX_LANGUAGE_STANDARD = "gnu++0x";
				CLANG_CXX_LIBRARY = "libc++";
				CLANG_ENABLE_MODULES = YES;
				CLANG_ENABLE_OBJC_ARC = YES;
				CLANG_WARN_BOOL_CONVERSION = YES;
				CLANG_WARN_CONSTANT_CONVERSION = YES;
				CLANG_WARN_DIRECT_OBJC_ISA_USAGE = YES_ERROR;
				CLANG_WARN_DOCUMENTATION_COMMENTS = YES;
				CLANG_WARN_EMPTY_BODY = YES;
				CLANG_WARN_ENUM_CONVERSION = YES;
				CLANG_WARN_INFINITE_RECURSION = YES;
				CLANG_WARN_INT_CONVERSION = YES;
				CLANG_WARN_OBJC_ROOT_CLASS = YES_ERROR;
				CLANG_WARN_SUSPICIOUS_MOVE = YES;
				CLANG_WARN_UNREACHABLE_CODE = YES;
				CLANG_WARN__DUPLICATE_METHOD_MATCH = YES;
				"CODE_SIGN_IDENTITY[sdk=iphoneos*]" = "iPhone Developer";
				COPY_PHASE_STRIP = NO;
				DEBUG_INFORMATION_FORMAT = dwarf;
				ENABLE_STRICT_OBJC_MSGSEND = YES;
				ENABLE_TESTABILITY = YES;
				GCC_C_LANGUAGE_STANDARD = gnu99;
				GCC_DYNAMIC_NO_PIC = NO;
				GCC_NO_COMMON_BLOCKS = YES;
				GCC_OPTIMIZATION_LEVEL = 0;
				GCC_PREPROCESSOR_DEFINITIONS = (
					"DEBUG=1",
					"$(inherited)",
				);
				GCC_WARN_64_TO_32_BIT_CONVERSION = YES;
				GCC_WARN_ABOUT_RETURN_TYPE = YES_ERROR;
				GCC_WARN_UNDECLARED_SELECTOR = YES;
				GCC_WARN_UNINITIALIZED_AUTOS = YES_AGGRESSIVE;
				GCC_WARN_UNUSED_FUNCTION = YES;
				GCC_WARN_UNUSED_VARIABLE = YES;
				IPHONEOS_DEPLOYMENT_TARGET = 10.3;
				MTL_ENABLE_DEBUG_INFO = YES;
				ONLY_ACTIVE_ARCH = YES;
				SDKROOT = iphoneos;
				SWIFT_ACTIVE_COMPILATION_CONDITIONS = DEBUG;
				SWIFT_OPTIMIZATION_LEVEL = "-Onone";
				TARGETED_DEVICE_FAMILY = "1,2";
			};
			name = Debug;
		};
		4B80C7181EA56CDC00D732B6 /* Release */ = {
			isa = XCBuildConfiguration;
			buildSettings = {
				ALWAYS_SEARCH_USER_PATHS = NO;
				CLANG_ANALYZER_NONNULL = YES;
				CLANG_ANALYZER_NUMBER_OBJECT_CONVERSION = YES_AGGRESSIVE;
				CLANG_CXX_LANGUAGE_STANDARD = "gnu++0x";
				CLANG_CXX_LIBRARY = "libc++";
				CLANG_ENABLE_MODULES = YES;
				CLANG_ENABLE_OBJC_ARC = YES;
				CLANG_WARN_BOOL_CONVERSION = YES;
				CLANG_WARN_CONSTANT_CONVERSION = YES;
				CLANG_WARN_DIRECT_OBJC_ISA_USAGE = YES_ERROR;
				CLANG_WARN_DOCUMENTATION_COMMENTS = YES;
				CLANG_WARN_EMPTY_BODY = YES;
				CLANG_WARN_ENUM_CONVERSION = YES;
				CLANG_WARN_INFINITE_RECURSION = YES;
				CLANG_WARN_INT_CONVERSION = YES;
				CLANG_WARN_OBJC_ROOT_CLASS = YES_ERROR;
				CLANG_WARN_SUSPICIOUS_MOVE = YES;
				CLANG_WARN_UNREACHABLE_CODE = YES;
				CLANG_WARN__DUPLICATE_METHOD_MATCH = YES;
				"CODE_SIGN_IDENTITY[sdk=iphoneos*]" = "iPhone Developer";
				COPY_PHASE_STRIP = NO;
				DEBUG_INFORMATION_FORMAT = "dwarf-with-dsym";
				ENABLE_NS_ASSERTIONS = NO;
				ENABLE_STRICT_OBJC_MSGSEND = YES;
				GCC_C_LANGUAGE_STANDARD = gnu99;
				GCC_NO_COMMON_BLOCKS = YES;
				GCC_WARN_64_TO_32_BIT_CONVERSION = YES;
				GCC_WARN_ABOUT_RETURN_TYPE = YES_ERROR;
				GCC_WARN_UNDECLARED_SELECTOR = YES;
				GCC_WARN_UNINITIALIZED_AUTOS = YES_AGGRESSIVE;
				GCC_WARN_UNUSED_FUNCTION = YES;
				GCC_WARN_UNUSED_VARIABLE = YES;
				IPHONEOS_DEPLOYMENT_TARGET = 10.3;
				MTL_ENABLE_DEBUG_INFO = NO;
				SDKROOT = iphoneos;
				SWIFT_OPTIMIZATION_LEVEL = "-Owholemodule";
				TARGETED_DEVICE_FAMILY = "1,2";
				VALIDATE_PRODUCT = YES;
			};
			name = Release;
		};
		4B80C71A1EA56CDC00D732B6 /* Debug */ = {
			isa = XCBuildConfiguration;
			baseConfigurationReference = 98986F7356A6AE326306C56B /* Pods-fbsearch.debug.xcconfig */;
			buildSettings = {
				ASSETCATALOG_COMPILER_APPICON_NAME = AppIcon;
				CLANG_ENABLE_MODULES = YES;
				DEVELOPMENT_TEAM = 55Q48DVF6E;
				INFOPLIST_FILE = fbsearch/Info.plist;
				IPHONEOS_DEPLOYMENT_TARGET = 10.2;
				LD_RUNPATH_SEARCH_PATHS = "$(inherited) @executable_path/Frameworks";
				PRODUCT_BUNDLE_IDENTIFIER = dbw.fbsearch;
				PRODUCT_NAME = "$(TARGET_NAME)";
				SWIFT_OBJC_BRIDGING_HEADER = "fbsearch/fbsearch-Bridging-Header.h";
				SWIFT_OPTIMIZATION_LEVEL = "-Onone";
				SWIFT_VERSION = 3.0;
			};
			name = Debug;
		};
		4B80C71B1EA56CDC00D732B6 /* Release */ = {
			isa = XCBuildConfiguration;
			baseConfigurationReference = 76DEE0887744B4532EF9D377 /* Pods-fbsearch.release.xcconfig */;
			buildSettings = {
				ASSETCATALOG_COMPILER_APPICON_NAME = AppIcon;
				CLANG_ENABLE_MODULES = YES;
				DEVELOPMENT_TEAM = 55Q48DVF6E;
				INFOPLIST_FILE = fbsearch/Info.plist;
				IPHONEOS_DEPLOYMENT_TARGET = 10.2;
				LD_RUNPATH_SEARCH_PATHS = "$(inherited) @executable_path/Frameworks";
				PRODUCT_BUNDLE_IDENTIFIER = dbw.fbsearch;
				PRODUCT_NAME = "$(TARGET_NAME)";
				SWIFT_OBJC_BRIDGING_HEADER = "fbsearch/fbsearch-Bridging-Header.h";
				SWIFT_VERSION = 3.0;
			};
			name = Release;
		};
		4B80C71D1EA56CDC00D732B6 /* Debug */ = {
			isa = XCBuildConfiguration;
			baseConfigurationReference = BC4F918D25D02EF2FD8822CB /* Pods-fbsearchTests.debug.xcconfig */;
			buildSettings = {
				ALWAYS_EMBED_SWIFT_STANDARD_LIBRARIES = YES;
				BUNDLE_LOADER = "$(TEST_HOST)";
				DEVELOPMENT_TEAM = 55Q48DVF6E;
				INFOPLIST_FILE = fbsearchTests/Info.plist;
				LD_RUNPATH_SEARCH_PATHS = "$(inherited) @executable_path/Frameworks @loader_path/Frameworks";
				PRODUCT_BUNDLE_IDENTIFIER = dbw.fbsearchTests;
				PRODUCT_NAME = "$(TARGET_NAME)";
				SWIFT_VERSION = 3.0;
				TEST_HOST = "$(BUILT_PRODUCTS_DIR)/fbsearch.app/fbsearch";
			};
			name = Debug;
		};
		4B80C71E1EA56CDC00D732B6 /* Release */ = {
			isa = XCBuildConfiguration;
			baseConfigurationReference = 6C4FE11C2B5B285A7EC47FAC /* Pods-fbsearchTests.release.xcconfig */;
			buildSettings = {
				ALWAYS_EMBED_SWIFT_STANDARD_LIBRARIES = YES;
				BUNDLE_LOADER = "$(TEST_HOST)";
				DEVELOPMENT_TEAM = 55Q48DVF6E;
				INFOPLIST_FILE = fbsearchTests/Info.plist;
				LD_RUNPATH_SEARCH_PATHS = "$(inherited) @executable_path/Frameworks @loader_path/Frameworks";
				PRODUCT_BUNDLE_IDENTIFIER = dbw.fbsearchTests;
				PRODUCT_NAME = "$(TARGET_NAME)";
				SWIFT_VERSION = 3.0;
				TEST_HOST = "$(BUILT_PRODUCTS_DIR)/fbsearch.app/fbsearch";
			};
			name = Release;
		};
		4B80C7201EA56CDC00D732B6 /* Debug */ = {
			isa = XCBuildConfiguration;
			baseConfigurationReference = 01A061E62E3B371E1A0B250C /* Pods-fbsearchUITests.debug.xcconfig */;
			buildSettings = {
				ALWAYS_EMBED_SWIFT_STANDARD_LIBRARIES = YES;
				DEVELOPMENT_TEAM = 55Q48DVF6E;
				INFOPLIST_FILE = fbsearchUITests/Info.plist;
				LD_RUNPATH_SEARCH_PATHS = "$(inherited) @executable_path/Frameworks @loader_path/Frameworks";
				PRODUCT_BUNDLE_IDENTIFIER = dbw.fbsearchUITests;
				PRODUCT_NAME = "$(TARGET_NAME)";
				SWIFT_VERSION = 3.0;
				TEST_TARGET_NAME = fbsearch;
			};
			name = Debug;
		};
		4B80C7211EA56CDC00D732B6 /* Release */ = {
			isa = XCBuildConfiguration;
			baseConfigurationReference = D746638A9451F9A0C5CED123 /* Pods-fbsearchUITests.release.xcconfig */;
			buildSettings = {
				ALWAYS_EMBED_SWIFT_STANDARD_LIBRARIES = YES;
				DEVELOPMENT_TEAM = 55Q48DVF6E;
				INFOPLIST_FILE = fbsearchUITests/Info.plist;
				LD_RUNPATH_SEARCH_PATHS = "$(inherited) @executable_path/Frameworks @loader_path/Frameworks";
				PRODUCT_BUNDLE_IDENTIFIER = dbw.fbsearchUITests;
				PRODUCT_NAME = "$(TARGET_NAME)";
				SWIFT_VERSION = 3.0;
				TEST_TARGET_NAME = fbsearch;
			};
			name = Release;
		};
/* End XCBuildConfiguration section */

/* Begin XCConfigurationList section */
		4B80C6EA1EA56CDB00D732B6 /* Build configuration list for PBXProject "fbsearch" */ = {
			isa = XCConfigurationList;
			buildConfigurations = (
				4B80C7171EA56CDC00D732B6 /* Debug */,
				4B80C7181EA56CDC00D732B6 /* Release */,
			);
			defaultConfigurationIsVisible = 0;
			defaultConfigurationName = Release;
		};
		4B80C7191EA56CDC00D732B6 /* Build configuration list for PBXNativeTarget "fbsearch" */ = {
			isa = XCConfigurationList;
			buildConfigurations = (
				4B80C71A1EA56CDC00D732B6 /* Debug */,
				4B80C71B1EA56CDC00D732B6 /* Release */,
			);
			defaultConfigurationIsVisible = 0;
			defaultConfigurationName = Release;
		};
		4B80C71C1EA56CDC00D732B6 /* Build configuration list for PBXNativeTarget "fbsearchTests" */ = {
			isa = XCConfigurationList;
			buildConfigurations = (
				4B80C71D1EA56CDC00D732B6 /* Debug */,
				4B80C71E1EA56CDC00D732B6 /* Release */,
			);
			defaultConfigurationIsVisible = 0;
			defaultConfigurationName = Release;
		};
		4B80C71F1EA56CDC00D732B6 /* Build configuration list for PBXNativeTarget "fbsearchUITests" */ = {
			isa = XCConfigurationList;
			buildConfigurations = (
				4B80C7201EA56CDC00D732B6 /* Debug */,
				4B80C7211EA56CDC00D732B6 /* Release */,
			);
			defaultConfigurationIsVisible = 0;
			defaultConfigurationName = Release;
		};
/* End XCConfigurationList section */
	};
	rootObject = 4B80C6E71EA56CDB00D732B6 /* Project object */;
}
